
Microsoft Visual Studio Solution File, Format Version 12.00
# Visual Studio Version 17
VisualStudioVersion = 17.9.34616.47
MinimumVisualStudioVersion = 10.0.40219.1
Project("{9A19103F-16F7-4668-BE54-9A1E7A4F7556}") = "FakeStore", "MauiAppFakeStoreApi\FakeStore.csproj", "{B1F3AEF5-6441-4FDC-B6B7-DF9874F4C90F}"
EndProject
Project("{FAE04EC0-301F-11D3-BF4B-00C04F79EFBC}") = "Dominio", "Dominio\Dominio.csproj", "{810F7BA8-EC30-4FD7-8407-199947E81291}"
EndProject
Global
	GlobalSection(SolutionConfigurationPlatforms) = preSolution
		Debug|Any CPU = Debug|Any CPU
		Release|Any CPU = Release|Any CPU
	EndGlobalSection
	GlobalSection(ProjectConfigurationPlatforms) = postSolution
		{B1F3AEF5-6441-4FDC-B6B7-DF9874F4C90F}.Debug|Any CPU.ActiveCfg = Debug|Any CPU
		{B1F3AEF5-6441-4FDC-B6B7-DF9874F4C90F}.Debug|Any CPU.Build.0 = Debug|Any CPU
		{B1F3AEF5-6441-4FDC-B6B7-DF9874F4C90F}.Debug|Any CPU.Deploy.0 = Debug|Any CPU
		{B1F3AEF5-6441-4FDC-B6B7-DF9874F4C90F}.Release|Any CPU.ActiveCfg = Release|Any CPU
		{B1F3AEF5-6441-4FDC-B6B7-DF9874F4C90F}.Release|Any CPU.Build.0 = Release|Any CPU
		{B1F3AEF5-6441-4FDC-B6B7-DF9874F4C90F}.Release|Any CPU.Deploy.0 = Release|Any CPU
		{810F7BA8-EC30-4FD7-8407-199947E81291}.Debug|Any CPU.ActiveCfg = Debug|Any CPU
		{810F7BA8-EC30-4FD7-8407-199947E81291}.Debug|Any CPU.Build.0 = Debug|Any CPU
		{810F7BA8-EC30-4FD7-8407-199947E81291}.Release|Any CPU.ActiveCfg = Release|Any CPU
		{810F7BA8-EC30-4FD7-8407-199947E81291}.Release|Any CPU.Build.0 = Release|Any CPU
	EndGlobalSection
	GlobalSection(SolutionProperties) = preSolution
		HideSolutionNode = FALSE
	EndGlobalSection
	GlobalSection(ExtensibilityGlobals) = postSolution
		SolutionGuid = {2EA06F0A-DE74-4A22-AC7C-0AB94647D5E3}
	EndGlobalSection
EndGlobal
